// !$*UTF8*$!
{
	archiveVersion = 1;
	classes = {
	};
	objectVersion = 46;
	objects = {

/* Begin PBXBuildFile section */
		4104D9921A0CA9F40015E7CD /* main.m in Sources */ = {isa = PBXBuildFile; fileRef = 4104D9911A0CA9F40015E7CD /* main.m */; };
		4104D9951A0CA9F40015E7CD /* AppDelegate.m in Sources */ = {isa = PBXBuildFile; fileRef = 4104D9941A0CA9F40015E7CD /* AppDelegate.m */; };
		4104D9981A0CA9F40015E7CD /* ViewController.m in Sources */ = {isa = PBXBuildFile; fileRef = 4104D9971A0CA9F40015E7CD /* ViewController.m */; };
		4104D99B1A0CA9F40015E7CD /* Main.storyboard in Resources */ = {isa = PBXBuildFile; fileRef = 4104D9991A0CA9F40015E7CD /* Main.storyboard */; };
		4104D99D1A0CA9F40015E7CD /* Images.xcassets in Resources */ = {isa = PBXBuildFile; fileRef = 4104D99C1A0CA9F40015E7CD /* Images.xcassets */; };
		4104D9A01A0CA9F40015E7CD /* LaunchScreen.xib in Resources */ = {isa = PBXBuildFile; fileRef = 4104D99E1A0CA9F40015E7CD /* LaunchScreen.xib */; };
		4104D9AC1A0CA9F40015E7CD /* CHttpManagerExampleTests.m in Sources */ = {isa = PBXBuildFile; fileRef = 4104D9AB1A0CA9F40015E7CD /* CHttpManagerExampleTests.m */; };
		4104D9C91A0CAA230015E7CD /* AFHTTPRequestOperation.m in Sources */ = {isa = PBXBuildFile; fileRef = 4104D9B71A0CAA230015E7CD /* AFHTTPRequestOperation.m */; };
		4104D9CA1A0CAA230015E7CD /* AFHTTPRequestOperationManager.m in Sources */ = {isa = PBXBuildFile; fileRef = 4104D9B91A0CAA230015E7CD /* AFHTTPRequestOperationManager.m */; };
		4104D9CB1A0CAA230015E7CD /* AFHTTPSessionManager.m in Sources */ = {isa = PBXBuildFile; fileRef = 4104D9BB1A0CAA230015E7CD /* AFHTTPSessionManager.m */; };
		4104D9CC1A0CAA230015E7CD /* AFNetworkReachabilityManager.m in Sources */ = {isa = PBXBuildFile; fileRef = 4104D9BE1A0CAA230015E7CD /* AFNetworkReachabilityManager.m */; };
		4104D9CD1A0CAA230015E7CD /* AFSecurityPolicy.m in Sources */ = {isa = PBXBuildFile; fileRef = 4104D9C01A0CAA230015E7CD /* AFSecurityPolicy.m */; };
		4104D9CE1A0CAA230015E7CD /* AFURLConnectionOperation.m in Sources */ = {isa = PBXBuildFile; fileRef = 4104D9C21A0CAA230015E7CD /* AFURLConnectionOperation.m */; };
		4104D9CF1A0CAA230015E7CD /* AFURLRequestSerialization.m in Sources */ = {isa = PBXBuildFile; fileRef = 4104D9C41A0CAA230015E7CD /* AFURLRequestSerialization.m */; };
		4104D9D01A0CAA230015E7CD /* AFURLResponseSerialization.m in Sources */ = {isa = PBXBuildFile; fileRef = 4104D9C61A0CAA230015E7CD /* AFURLResponseSerialization.m */; };
		4104D9D11A0CAA230015E7CD /* AFURLSessionManager.m in Sources */ = {isa = PBXBuildFile; fileRef = 4104D9C81A0CAA230015E7CD /* AFURLSessionManager.m */; };
		4104D9D51A0CABDA0015E7CD /* CHTTPBaseRequest.m in Sources */ = {isa = PBXBuildFile; fileRef = 4104D9D41A0CABDA0015E7CD /* CHTTPBaseRequest.m */; };
		4104D9D81A0CAF500015E7CD /* CHTTPAgent.m in Sources */ = {isa = PBXBuildFile; fileRef = 4104D9D71A0CAF500015E7CD /* CHTTPAgent.m */; };
		4104D9DC1A0CBE480015E7CD /* AFDownloadRequestOperation.m in Sources */ = {isa = PBXBuildFile; fileRef = 4104D9DB1A0CBE480015E7CD /* AFDownloadRequestOperation.m */; };
		DC4211061A0E1791007D74F6 /* CHTTPConfig.m in Sources */ = {isa = PBXBuildFile; fileRef = DC4211051A0E1791007D74F6 /* CHTTPConfig.m */; };
		DC4211091A0E1B2A007D74F6 /* CHTTPRequest.m in Sources */ = {isa = PBXBuildFile; fileRef = DC4211081A0E1B2A007D74F6 /* CHTTPRequest.m */; };
/* End PBXBuildFile section */

/* Begin PBXContainerItemProxy section */
		4104D9A61A0CA9F40015E7CD /* PBXContainerItemProxy */ = {
			isa = PBXContainerItemProxy;
			containerPortal = 4104D9841A0CA9F40015E7CD /* Project object */;
			proxyType = 1;
			remoteGlobalIDString = 4104D98B1A0CA9F40015E7CD;
			remoteInfo = CHttpManagerExample;
		};
/* End PBXContainerItemProxy section */

/* Begin PBXFileReference section */
		4104D98C1A0CA9F40015E7CD /* CHttpManagerExample.app */ = {isa = PBXFileReference; explicitFileType = wrapper.application; includeInIndex = 0; path = CHttpManagerExample.app; sourceTree = BUILT_PRODUCTS_DIR; };
		4104D9901A0CA9F40015E7CD /* Info.plist */ = {isa = PBXFileReference; lastKnownFileType = text.plist.xml; path = Info.plist; sourceTree = "<group>"; };
		4104D9911A0CA9F40015E7CD /* main.m */ = {isa = PBXFileReference; lastKnownFileType = sourcecode.c.objc; path = main.m; sourceTree = "<group>"; };
		4104D9931A0CA9F40015E7CD /* AppDelegate.h */ = {isa = PBXFileReference; lastKnownFileType = sourcecode.c.h; path = AppDelegate.h; sourceTree = "<group>"; };
		4104D9941A0CA9F40015E7CD /* AppDelegate.m */ = {isa = PBXFileReference; lastKnownFileType = sourcecode.c.objc; path = AppDelegate.m; sourceTree = "<group>"; };
		4104D9961A0CA9F40015E7CD /* ViewController.h */ = {isa = PBXFileReference; lastKnownFileType = sourcecode.c.h; path = ViewController.h; sourceTree = "<group>"; };
		4104D9971A0CA9F40015E7CD /* ViewController.m */ = {isa = PBXFileReference; lastKnownFileType = sourcecode.c.objc; path = ViewController.m; sourceTree = "<group>"; };
		4104D99A1A0CA9F40015E7CD /* Base */ = {isa = PBXFileReference; lastKnownFileType = file.storyboard; name = Base; path = Base.lproj/Main.storyboard; sourceTree = "<group>"; };
		4104D99C1A0CA9F40015E7CD /* Images.xcassets */ = {isa = PBXFileReference; lastKnownFileType = folder.assetcatalog; path = Images.xcassets; sourceTree = "<group>"; };
		4104D99F1A0CA9F40015E7CD /* Base */ = {isa = PBXFileReference; lastKnownFileType = file.xib; name = Base; path = Base.lproj/LaunchScreen.xib; sourceTree = "<group>"; };
		4104D9A51A0CA9F40015E7CD /* CHttpManagerExampleTests.xctest */ = {isa = PBXFileReference; explicitFileType = wrapper.cfbundle; includeInIndex = 0; path = CHttpManagerExampleTests.xctest; sourceTree = BUILT_PRODUCTS_DIR; };
		4104D9AA1A0CA9F40015E7CD /* Info.plist */ = {isa = PBXFileReference; lastKnownFileType = text.plist.xml; path = Info.plist; sourceTree = "<group>"; };
		4104D9AB1A0CA9F40015E7CD /* CHttpManagerExampleTests.m */ = {isa = PBXFileReference; lastKnownFileType = sourcecode.c.objc; path = CHttpManagerExampleTests.m; sourceTree = "<group>"; };
		4104D9B61A0CAA230015E7CD /* AFHTTPRequestOperation.h */ = {isa = PBXFileReference; fileEncoding = 4; lastKnownFileType = sourcecode.c.h; path = AFHTTPRequestOperation.h; sourceTree = "<group>"; };
		4104D9B71A0CAA230015E7CD /* AFHTTPRequestOperation.m */ = {isa = PBXFileReference; fileEncoding = 4; lastKnownFileType = sourcecode.c.objc; path = AFHTTPRequestOperation.m; sourceTree = "<group>"; };
		4104D9B81A0CAA230015E7CD /* AFHTTPRequestOperationManager.h */ = {isa = PBXFileReference; fileEncoding = 4; lastKnownFileType = sourcecode.c.h; path = AFHTTPRequestOperationManager.h; sourceTree = "<group>"; };
		4104D9B91A0CAA230015E7CD /* AFHTTPRequestOperationManager.m */ = {isa = PBXFileReference; fileEncoding = 4; lastKnownFileType = sourcecode.c.objc; path = AFHTTPRequestOperationManager.m; sourceTree = "<group>"; };
		4104D9BA1A0CAA230015E7CD /* AFHTTPSessionManager.h */ = {isa = PBXFileReference; fileEncoding = 4; lastKnownFileType = sourcecode.c.h; path = AFHTTPSessionManager.h; sourceTree = "<group>"; };
		4104D9BB1A0CAA230015E7CD /* AFHTTPSessionManager.m */ = {isa = PBXFileReference; fileEncoding = 4; lastKnownFileType = sourcecode.c.objc; path = AFHTTPSessionManager.m; sourceTree = "<group>"; };
		4104D9BC1A0CAA230015E7CD /* AFNetworking.h */ = {isa = PBXFileReference; fileEncoding = 4; lastKnownFileType = sourcecode.c.h; path = AFNetworking.h; sourceTree = "<group>"; };
		4104D9BD1A0CAA230015E7CD /* AFNetworkReachabilityManager.h */ = {isa = PBXFileReference; fileEncoding = 4; lastKnownFileType = sourcecode.c.h; path = AFNetworkReachabilityManager.h; sourceTree = "<group>"; };
		4104D9BE1A0CAA230015E7CD /* AFNetworkReachabilityManager.m */ = {isa = PBXFileReference; fileEncoding = 4; lastKnownFileType = sourcecode.c.objc; path = AFNetworkReachabilityManager.m; sourceTree = "<group>"; };
		4104D9BF1A0CAA230015E7CD /* AFSecurityPolicy.h */ = {isa = PBXFileReference; fileEncoding = 4; lastKnownFileType = sourcecode.c.h; path = AFSecurityPolicy.h; sourceTree = "<group>"; };
		4104D9C01A0CAA230015E7CD /* AFSecurityPolicy.m */ = {isa = PBXFileReference; fileEncoding = 4; lastKnownFileType = sourcecode.c.objc; path = AFSecurityPolicy.m; sourceTree = "<group>"; };
		4104D9C11A0CAA230015E7CD /* AFURLConnectionOperation.h */ = {isa = PBXFileReference; fileEncoding = 4; lastKnownFileType = sourcecode.c.h; path = AFURLConnectionOperation.h; sourceTree = "<group>"; };
		4104D9C21A0CAA230015E7CD /* AFURLConnectionOperation.m */ = {isa = PBXFileReference; fileEncoding = 4; lastKnownFileType = sourcecode.c.objc; path = AFURLConnectionOperation.m; sourceTree = "<group>"; };
		4104D9C31A0CAA230015E7CD /* AFURLRequestSerialization.h */ = {isa = PBXFileReference; fileEncoding = 4; lastKnownFileType = sourcecode.c.h; path = AFURLRequestSerialization.h; sourceTree = "<group>"; };
		4104D9C41A0CAA230015E7CD /* AFURLRequestSerialization.m */ = {isa = PBXFileReference; fileEncoding = 4; lastKnownFileType = sourcecode.c.objc; path = AFURLRequestSerialization.m; sourceTree = "<group>"; };
		4104D9C51A0CAA230015E7CD /* AFURLResponseSerialization.h */ = {isa = PBXFileReference; fileEncoding = 4; lastKnownFileType = sourcecode.c.h; path = AFURLResponseSerialization.h; sourceTree = "<group>"; };
		4104D9C61A0CAA230015E7CD /* AFURLResponseSerialization.m */ = {isa = PBXFileReference; fileEncoding = 4; lastKnownFileType = sourcecode.c.objc; path = AFURLResponseSerialization.m; sourceTree = "<group>"; };
		4104D9C71A0CAA230015E7CD /* AFURLSessionManager.h */ = {isa = PBXFileReference; fileEncoding = 4; lastKnownFileType = sourcecode.c.h; path = AFURLSessionManager.h; sourceTree = "<group>"; };
		4104D9C81A0CAA230015E7CD /* AFURLSessionManager.m */ = {isa = PBXFileReference; fileEncoding = 4; lastKnownFileType = sourcecode.c.objc; path = AFURLSessionManager.m; sourceTree = "<group>"; };
		4104D9D31A0CABDA0015E7CD /* CHTTPBaseRequest.h */ = {isa = PBXFileReference; fileEncoding = 4; lastKnownFileType = sourcecode.c.h; path = CHTTPBaseRequest.h; sourceTree = "<group>"; };
		4104D9D41A0CABDA0015E7CD /* CHTTPBaseRequest.m */ = {isa = PBXFileReference; fileEncoding = 4; lastKnownFileType = sourcecode.c.objc; path = CHTTPBaseRequest.m; sourceTree = "<group>"; };
		4104D9D61A0CAF500015E7CD /* CHTTPAgent.h */ = {isa = PBXFileReference; fileEncoding = 4; lastKnownFileType = sourcecode.c.h; path = CHTTPAgent.h; sourceTree = "<group>"; };
		4104D9D71A0CAF500015E7CD /* CHTTPAgent.m */ = {isa = PBXFileReference; fileEncoding = 4; lastKnownFileType = sourcecode.c.objc; path = CHTTPAgent.m; sourceTree = "<group>"; };
		4104D9DA1A0CBE480015E7CD /* AFDownloadRequestOperation.h */ = {isa = PBXFileReference; fileEncoding = 4; lastKnownFileType = sourcecode.c.h; path = AFDownloadRequestOperation.h; sourceTree = "<group>"; };
		4104D9DB1A0CBE480015E7CD /* AFDownloadRequestOperation.m */ = {isa = PBXFileReference; fileEncoding = 4; lastKnownFileType = sourcecode.c.objc; path = AFDownloadRequestOperation.m; sourceTree = "<group>"; };
		DC4211041A0E1791007D74F6 /* CHTTPConfig.h */ = {isa = PBXFileReference; fileEncoding = 4; lastKnownFileType = sourcecode.c.h; path = CHTTPConfig.h; sourceTree = "<group>"; };
		DC4211051A0E1791007D74F6 /* CHTTPConfig.m */ = {isa = PBXFileReference; fileEncoding = 4; lastKnownFileType = sourcecode.c.objc; path = CHTTPConfig.m; sourceTree = "<group>"; };
		DC4211071A0E1B2A007D74F6 /* CHTTPRequest.h */ = {isa = PBXFileReference; fileEncoding = 4; lastKnownFileType = sourcecode.c.h; path = CHTTPRequest.h; sourceTree = "<group>"; };
		DC4211081A0E1B2A007D74F6 /* CHTTPRequest.m */ = {isa = PBXFileReference; fileEncoding = 4; lastKnownFileType = sourcecode.c.objc; path = CHTTPRequest.m; sourceTree = "<group>"; };
/* End PBXFileReference section */

/* Begin PBXFrameworksBuildPhase section */
		4104D9891A0CA9F40015E7CD /* Frameworks */ = {
			isa = PBXFrameworksBuildPhase;
			buildActionMask = 2147483647;
			files = (
			);
			runOnlyForDeploymentPostprocessing = 0;
		};
		4104D9A21A0CA9F40015E7CD /* Frameworks */ = {
			isa = PBXFrameworksBuildPhase;
			buildActionMask = 2147483647;
			files = (
			);
			runOnlyForDeploymentPostprocessing = 0;
		};
/* End PBXFrameworksBuildPhase section */

/* Begin PBXGroup section */
		4104D9831A0CA9F40015E7CD = {
			isa = PBXGroup;
			children = (
				4104D98E1A0CA9F40015E7CD /* CHttpManagerExample */,
				4104D9A81A0CA9F40015E7CD /* CHttpManagerExampleTests */,
				4104D98D1A0CA9F40015E7CD /* Products */,
			);
			sourceTree = "<group>";
		};
		4104D98D1A0CA9F40015E7CD /* Products */ = {
			isa = PBXGroup;
			children = (
				4104D98C1A0CA9F40015E7CD /* CHttpManagerExample.app */,
				4104D9A51A0CA9F40015E7CD /* CHttpManagerExampleTests.xctest */,
			);
			name = Products;
			sourceTree = "<group>";
		};
		4104D98E1A0CA9F40015E7CD /* CHttpManagerExample */ = {
			isa = PBXGroup;
			children = (
				4104D9D21A0CABCB0015E7CD /* CHTTPManager */,
				4104D9B51A0CAA230015E7CD /* AFNetworking */,
				4104D9931A0CA9F40015E7CD /* AppDelegate.h */,
				4104D9941A0CA9F40015E7CD /* AppDelegate.m */,
				4104D9961A0CA9F40015E7CD /* ViewController.h */,
				4104D9971A0CA9F40015E7CD /* ViewController.m */,
				4104D9991A0CA9F40015E7CD /* Main.storyboard */,
				4104D99C1A0CA9F40015E7CD /* Images.xcassets */,
				4104D99E1A0CA9F40015E7CD /* LaunchScreen.xib */,
				4104D98F1A0CA9F40015E7CD /* Supporting Files */,
			);
			path = CHttpManagerExample;
			sourceTree = "<group>";
		};
		4104D98F1A0CA9F40015E7CD /* Supporting Files */ = {
			isa = PBXGroup;
			children = (
				4104D9901A0CA9F40015E7CD /* Info.plist */,
				4104D9911A0CA9F40015E7CD /* main.m */,
			);
			name = "Supporting Files";
			sourceTree = "<group>";
		};
		4104D9A81A0CA9F40015E7CD /* CHttpManagerExampleTests */ = {
			isa = PBXGroup;
			children = (
				4104D9AB1A0CA9F40015E7CD /* CHttpManagerExampleTests.m */,
				4104D9A91A0CA9F40015E7CD /* Supporting Files */,
			);
			path = CHttpManagerExampleTests;
			sourceTree = "<group>";
		};
		4104D9A91A0CA9F40015E7CD /* Supporting Files */ = {
			isa = PBXGroup;
			children = (
				4104D9AA1A0CA9F40015E7CD /* Info.plist */,
			);
			name = "Supporting Files";
			sourceTree = "<group>";
		};
		4104D9B51A0CAA230015E7CD /* AFNetworking */ = {
			isa = PBXGroup;
			children = (
				4104D9D91A0CBE480015E7CD /* AFDownloadRequestOperation */,
				4104D9B61A0CAA230015E7CD /* AFHTTPRequestOperation.h */,
				4104D9B71A0CAA230015E7CD /* AFHTTPRequestOperation.m */,
				4104D9B81A0CAA230015E7CD /* AFHTTPRequestOperationManager.h */,
				4104D9B91A0CAA230015E7CD /* AFHTTPRequestOperationManager.m */,
				4104D9BA1A0CAA230015E7CD /* AFHTTPSessionManager.h */,
				4104D9BB1A0CAA230015E7CD /* AFHTTPSessionManager.m */,
				4104D9BC1A0CAA230015E7CD /* AFNetworking.h */,
				4104D9BD1A0CAA230015E7CD /* AFNetworkReachabilityManager.h */,
				4104D9BE1A0CAA230015E7CD /* AFNetworkReachabilityManager.m */,
				4104D9BF1A0CAA230015E7CD /* AFSecurityPolicy.h */,
				4104D9C01A0CAA230015E7CD /* AFSecurityPolicy.m */,
				4104D9C11A0CAA230015E7CD /* AFURLConnectionOperation.h */,
				4104D9C21A0CAA230015E7CD /* AFURLConnectionOperation.m */,
				4104D9C31A0CAA230015E7CD /* AFURLRequestSerialization.h */,
				4104D9C41A0CAA230015E7CD /* AFURLRequestSerialization.m */,
				4104D9C51A0CAA230015E7CD /* AFURLResponseSerialization.h */,
				4104D9C61A0CAA230015E7CD /* AFURLResponseSerialization.m */,
				4104D9C71A0CAA230015E7CD /* AFURLSessionManager.h */,
				4104D9C81A0CAA230015E7CD /* AFURLSessionManager.m */,
			);
			path = AFNetworking;
			sourceTree = "<group>";
		};
		4104D9D21A0CABCB0015E7CD /* CHTTPManager */ = {
			isa = PBXGroup;
			children = (
				4104D9D31A0CABDA0015E7CD /* CHTTPBaseRequest.h */,
				4104D9D41A0CABDA0015E7CD /* CHTTPBaseRequest.m */,
				4104D9D61A0CAF500015E7CD /* CHTTPAgent.h */,
				4104D9D71A0CAF500015E7CD /* CHTTPAgent.m */,
				DC4211041A0E1791007D74F6 /* CHTTPConfig.h */,
				DC4211051A0E1791007D74F6 /* CHTTPConfig.m */,
				DC4211071A0E1B2A007D74F6 /* CHTTPRequest.h */,
				DC4211081A0E1B2A007D74F6 /* CHTTPRequest.m */,
			);
			path = CHTTPManager;
			sourceTree = "<group>";
		};
		4104D9D91A0CBE480015E7CD /* AFDownloadRequestOperation */ = {
			isa = PBXGroup;
			children = (
				4104D9DA1A0CBE480015E7CD /* AFDownloadRequestOperation.h */,
				4104D9DB1A0CBE480015E7CD /* AFDownloadRequestOperation.m */,
			);
			path = AFDownloadRequestOperation;
			sourceTree = "<group>";
		};
/* End PBXGroup section */

/* Begin PBXNativeTarget section */
		4104D98B1A0CA9F40015E7CD /* CHttpManagerExample */ = {
			isa = PBXNativeTarget;
			buildConfigurationList = 4104D9AF1A0CA9F40015E7CD /* Build configuration list for PBXNativeTarget "CHttpManagerExample" */;
			buildPhases = (
				4104D9881A0CA9F40015E7CD /* Sources */,
				4104D9891A0CA9F40015E7CD /* Frameworks */,
				4104D98A1A0CA9F40015E7CD /* Resources */,
			);
			buildRules = (
			);
			dependencies = (
			);
			name = CHttpManagerExample;
			productName = CHttpManagerExample;
			productReference = 4104D98C1A0CA9F40015E7CD /* CHttpManagerExample.app */;
			productType = "com.apple.product-type.application";
		};
		4104D9A41A0CA9F40015E7CD /* CHttpManagerExampleTests */ = {
			isa = PBXNativeTarget;
			buildConfigurationList = 4104D9B21A0CA9F40015E7CD /* Build configuration list for PBXNativeTarget "CHttpManagerExampleTests" */;
			buildPhases = (
				4104D9A11A0CA9F40015E7CD /* Sources */,
				4104D9A21A0CA9F40015E7CD /* Frameworks */,
				4104D9A31A0CA9F40015E7CD /* Resources */,
			);
			buildRules = (
			);
			dependencies = (
				4104D9A71A0CA9F40015E7CD /* PBXTargetDependency */,
			);
			name = CHttpManagerExampleTests;
			productName = CHttpManagerExampleTests;
			productReference = 4104D9A51A0CA9F40015E7CD /* CHttpManagerExampleTests.xctest */;
			productType = "com.apple.product-type.bundle.unit-test";
		};
/* End PBXNativeTarget section */

/* Begin PBXProject section */
		4104D9841A0CA9F40015E7CD /* Project object */ = {
			isa = PBXProject;
			attributes = {
				LastUpgradeCheck = 0610;
				ORGANIZATIONNAME = "wood-spring";
				TargetAttributes = {
					4104D98B1A0CA9F40015E7CD = {
						CreatedOnToolsVersion = 6.1;
					};
					4104D9A41A0CA9F40015E7CD = {
						CreatedOnToolsVersion = 6.1;
						TestTargetID = 4104D98B1A0CA9F40015E7CD;
					};
				};
			};
			buildConfigurationList = 4104D9871A0CA9F40015E7CD /* Build configuration list for PBXProject "CHttpManagerExample" */;
			compatibilityVersion = "Xcode 3.2";
			developmentRegion = English;
			hasScannedForEncodings = 0;
			knownRegions = (
				en,
				Base,
			);
			mainGroup = 4104D9831A0CA9F40015E7CD;
			productRefGroup = 4104D98D1A0CA9F40015E7CD /* Products */;
			projectDirPath = "";
			projectRoot = "";
			targets = (
				4104D98B1A0CA9F40015E7CD /* CHttpManagerExample */,
				4104D9A41A0CA9F40015E7CD /* CHttpManagerExampleTests */,
			);
		};
/* End PBXProject section */

/* Begin PBXResourcesBuildPhase section */
		4104D98A1A0CA9F40015E7CD /* Resources */ = {
			isa = PBXResourcesBuildPhase;
			buildActionMask = 2147483647;
			files = (
				4104D99B1A0CA9F40015E7CD /* Main.storyboard in Resources */,
				4104D9A01A0CA9F40015E7CD /* LaunchScreen.xib in Resources */,
				4104D99D1A0CA9F40015E7CD /* Images.xcassets in Resources */,
			);
			runOnlyForDeploymentPostprocessing = 0;
		};
		4104D9A31A0CA9F40015E7CD /* Resources */ = {
			isa = PBXResourcesBuildPhase;
			buildActionMask = 2147483647;
			files = (
			);
			runOnlyForDeploymentPostprocessing = 0;
		};
/* End PBXResourcesBuildPhase section */

/* Begin PBXSourcesBuildPhase section */
		4104D9881A0CA9F40015E7CD /* Sources */ = {
			isa = PBXSourcesBuildPhase;
			buildActionMask = 2147483647;
			files = (
				4104D9C91A0CAA230015E7CD /* AFHTTPRequestOperation.m in Sources */,
				DC4211061A0E1791007D74F6 /* CHTTPConfig.m in Sources */,
				4104D9D51A0CABDA0015E7CD /* CHTTPBaseRequest.m in Sources */,
				4104D9981A0CA9F40015E7CD /* ViewController.m in Sources */,
				4104D9CA1A0CAA230015E7CD /* AFHTTPRequestOperationManager.m in Sources */,
				4104D9CC1A0CAA230015E7CD /* AFNetworkReachabilityManager.m in Sources */,
				4104D9D01A0CAA230015E7CD /* AFURLResponseSerialization.m in Sources */,
				4104D9DC1A0CBE480015E7CD /* AFDownloadRequestOperation.m in Sources */,
				4104D9CE1A0CAA230015E7CD /* AFURLConnectionOperation.m in Sources */,
				4104D9CD1A0CAA230015E7CD /* AFSecurityPolicy.m in Sources */,
				4104D9CB1A0CAA230015E7CD /* AFHTTPSessionManager.m in Sources */,
				4104D9CF1A0CAA230015E7CD /* AFURLRequestSerialization.m in Sources */,
				DC4211091A0E1B2A007D74F6 /* CHTTPRequest.m in Sources */,
				4104D9D11A0CAA230015E7CD /* AFURLSessionManager.m in Sources */,
				4104D9951A0CA9F40015E7CD /* AppDelegate.m in Sources */,
				4104D9921A0CA9F40015E7CD /* main.m in Sources */,
				4104D9D81A0CAF500015E7CD /* CHTTPAgent.m in Sources */,
			);
			runOnlyForDeploymentPostprocessing = 0;
		};
		4104D9A11A0CA9F40015E7CD /* Sources */ = {
			isa = PBXSourcesBuildPhase;
			buildActionMask = 2147483647;
			files = (
				4104D9AC1A0CA9F40015E7CD /* CHttpManagerExampleTests.m in Sources */,
			);
			runOnlyForDeploymentPostprocessing = 0;
		};
/* End PBXSourcesBuildPhase section */

/* Begin PBXTargetDependency section */
		4104D9A71A0CA9F40015E7CD /* PBXTargetDependency */ = {
			isa = PBXTargetDependency;
			target = 4104D98B1A0CA9F40015E7CD /* CHttpManagerExample */;
			targetProxy = 4104D9A61A0CA9F40015E7CD /* PBXContainerItemProxy */;
		};
/* End PBXTargetDependency section */

/* Begin PBXVariantGroup section */
		4104D9991A0CA9F40015E7CD /* Main.storyboard */ = {
			isa = PBXVariantGroup;
			children = (
				4104D99A1A0CA9F40015E7CD /* Base */,
			);
			name = Main.storyboard;
			sourceTree = "<group>";
		};
		4104D99E1A0CA9F40015E7CD /* LaunchScreen.xib */ = {
			isa = PBXVariantGroup;
			children = (
				4104D99F1A0CA9F40015E7CD /* Base */,
			);
			name = LaunchScreen.xib;
			sourceTree = "<group>";
		};
/* End PBXVariantGroup section */

/* Begin XCBuildConfiguration section */
		4104D9AD1A0CA9F40015E7CD /* Debug */ = {
			isa = XCBuildConfiguration;
			buildSettings = {
				ALWAYS_SEARCH_USER_PATHS = NO;
				CLANG_CXX_LANGUAGE_STANDARD = "gnu++0x";
				CLANG_CXX_LIBRARY = "libc++";
				CLANG_ENABLE_MODULES = YES;
				CLANG_ENABLE_OBJC_ARC = YES;
				CLANG_WARN_BOOL_CONVERSION = YES;
				CLANG_WARN_CONSTANT_CONVERSION = YES;
				CLANG_WARN_DIRECT_OBJC_ISA_USAGE = YES_ERROR;
				CLANG_WARN_EMPTY_BODY = YES;
				CLANG_WARN_ENUM_CONVERSION = YES;
				CLANG_WARN_INT_CONVERSION = YES;
				CLANG_WARN_OBJC_ROOT_CLASS = YES_ERROR;
				CLANG_WARN_UNREACHABLE_CODE = YES;
				CLANG_WARN__DUPLICATE_METHOD_MATCH = YES;
				"CODE_SIGN_IDENTITY[sdk=iphoneos*]" = "iPhone Developer";
				COPY_PHASE_STRIP = NO;
				ENABLE_STRICT_OBJC_MSGSEND = YES;
				GCC_C_LANGUAGE_STANDARD = gnu99;
				GCC_DYNAMIC_NO_PIC = NO;
				GCC_OPTIMIZATION_LEVEL = 0;
				GCC_PREPROCESSOR_DEFINITIONS = (
					"DEBUG=1",
					"$(inherited)",
				);
				GCC_SYMBOLS_PRIVATE_EXTERN = NO;
				GCC_WARN_64_TO_32_BIT_CONVERSION = YES;
				GCC_WARN_ABOUT_RETURN_TYPE = YES_ERROR;
				GCC_WARN_UNDECLARED_SELECTOR = YES;
				GCC_WARN_UNINITIALIZED_AUTOS = YES_AGGRESSIVE;
				GCC_WARN_UNUSED_FUNCTION = YES;
				GCC_WARN_UNUSED_VARIABLE = YES;
				IPHONEOS_DEPLOYMENT_TARGET = 8.1;
				MTL_ENABLE_DEBUG_INFO = YES;
				ONLY_ACTIVE_ARCH = YES;
				SDKROOT = iphoneos;
				TARGETED_DEVICE_FAMILY = "1,2";
			};
			name = Debug;
		};
		4104D9AE1A0CA9F40015E7CD /* Release */ = {
			isa = XCBuildConfiguration;
			buildSettings = {
				ALWAYS_SEARCH_USER_PATHS = NO;
				CLANG_CXX_LANGUAGE_STANDARD = "gnu++0x";
				CLANG_CXX_LIBRARY = "libc++";
				CLANG_ENABLE_MODULES = YES;
				CLANG_ENABLE_OBJC_ARC = YES;
				CLANG_WARN_BOOL_CONVERSION = YES;
				CLANG_WARN_CONSTANT_CONVERSION = YES;
				CLANG_WARN_DIRECT_OBJC_ISA_USAGE = YES_ERROR;
				CLANG_WARN_EMPTY_BODY = YES;
				CLANG_WARN_ENUM_CONVERSION = YES;
				CLANG_WARN_INT_CONVERSION = YES;
				CLANG_WARN_OBJC_ROOT_CLASS = YES_ERROR;
				CLANG_WARN_UNREACHABLE_CODE = YES;
				CLANG_WARN__DUPLICATE_METHOD_MATCH = YES;
				"CODE_SIGN_IDENTITY[sdk=iphoneos*]" = "iPhone Developer";
				COPY_PHASE_STRIP = YES;
				ENABLE_NS_ASSERTIONS = NO;
				ENABLE_STRICT_OBJC_MSGSEND = YES;
				GCC_C_LANGUAGE_STANDARD = gnu99;
				GCC_WARN_64_TO_32_BIT_CONVERSION = YES;
				GCC_WARN_ABOUT_RETURN_TYPE = YES_ERROR;
				GCC_WARN_UNDECLARED_SELECTOR = YES;
				GCC_WARN_UNINITIALIZED_AUTOS = YES_AGGRESSIVE;
				GCC_WARN_UNUSED_FUNCTION = YES;
				GCC_WARN_UNUSED_VARIABLE = YES;
				IPHONEOS_DEPLOYMENT_TARGET = 8.1;
				MTL_ENABLE_DEBUG_INFO = NO;
				SDKROOT = iphoneos;
				TARGETED_DEVICE_FAMILY = "1,2";
				VALIDATE_PRODUCT = YES;
			};
			name = Release;
		};
		4104D9B01A0CA9F40015E7CD /* Debug */ = {
			isa = XCBuildConfiguration;
			buildSettings = {
				ASSETCATALOG_COMPILER_APPICON_NAME = AppIcon;
				INFOPLIST_FILE = CHttpManagerExample/Info.plist;
				IPHONEOS_DEPLOYMENT_TARGET = 7.1;
				LD_RUNPATH_SEARCH_PATHS = "$(inherited) @executable_path/Frameworks";
				PRODUCT_NAME = "$(TARGET_NAME)";
			};
			name = Debug;
		};
		4104D9B11A0CA9F40015E7CD /* Release */ = {
			isa = XCBuildConfiguration;
			buildSettings = {
				ASSETCATALOG_COMPILER_APPICON_NAME = AppIcon;
				INFOPLIST_FILE = CHttpManagerExample/Info.plist;
				IPHONEOS_DEPLOYMENT_TARGET = 7.1;
				LD_RUNPATH_SEARCH_PATHS = "$(inherited) @executable_path/Frameworks";
				PRODUCT_NAME = "$(TARGET_NAME)";
			};
			name = Release;
		};
		4104D9B31A0CA9F40015E7CD /* Debug */ = {
			isa = XCBuildConfiguration;
			buildSettings = {
				BUNDLE_LOADER = "$(TEST_HOST)";
				FRAMEWORK_SEARCH_PATHS = (
					"$(SDKROOT)/Developer/Library/Frameworks",
					"$(inherited)",
				);
				GCC_PREPROCESSOR_DEFINITIONS = (
					"DEBUG=1",
					"$(inherited)",
				);
				INFOPLIST_FILE = CHttpManagerExampleTests/Info.plist;
				LD_RUNPATH_SEARCH_PATHS = "$(inherited) @executable_path/Frameworks @loader_path/Frameworks";
				PRODUCT_NAME = "$(TARGET_NAME)";
				TEST_HOST = "$(BUILT_PRODUCTS_DIR)/CHttpManagerExample.app/CHttpManagerExample";
			};
			name = Debug;
		};
		4104D9B41A0CA9F40015E7CD /* Release */ = {
			isa = XCBuildConfiguration;
			buildSettings = {
				BUNDLE_LOADER = "$(TEST_HOST)";
				FRAMEWORK_SEARCH_PATHS = (
					"$(SDKROOT)/Developer/Library/Frameworks",
					"$(inherited)",
				);
				INFOPLIST_FILE = CHttpManagerExampleTests/Info.plist;
				LD_RUNPATH_SEARCH_PATHS = "$(inherited) @executable_path/Frameworks @loader_path/Frameworks";
				PRODUCT_NAME = "$(TARGET_NAME)";
				TEST_HOST = "$(BUILT_PRODUCTS_DIR)/CHttpManagerExample.app/CHttpManagerExample";
			};
			name = Release;
		};
/* End XCBuildConfiguration section */

/* Begin XCConfigurationList section */
		4104D9871A0CA9F40015E7CD /* Build configuration list for PBXProject "CHttpManagerExample" */ = {
			isa = XCConfigurationList;
			buildConfigurations = (
				4104D9AD1A0CA9F40015E7CD /* Debug */,
				4104D9AE1A0CA9F40015E7CD /* Release */,
			);
			defaultConfigurationIsVisible = 0;
			defaultConfigurationName = Release;
		};
		4104D9AF1A0CA9F40015E7CD /* Build configuration list for PBXNativeTarget "CHttpManagerExample" */ = {
			isa = XCConfigurationList;
			buildConfigurations = (
				4104D9B01A0CA9F40015E7CD /* Debug */,
				4104D9B11A0CA9F40015E7CD /* Release */,
			);
			defaultConfigurationIsVisible = 0;
			defaultConfigurationName = Release;
		};
		4104D9B21A0CA9F40015E7CD /* Build configuration list for PBXNativeTarget "CHttpManagerExampleTests" */ = {
			isa = XCConfigurationList;
			buildConfigurations = (
				4104D9B31A0CA9F40015E7CD /* Debug */,
				4104D9B41A0CA9F40015E7CD /* Release */,
			);
			defaultConfigurationIsVisible = 0;
			defaultConfigurationName = Release;
		};
/* End XCConfigurationList section */
	};
	rootObject = 4104D9841A0CA9F40015E7CD /* Project object */;
}
